{
    "format_version": "1.2",
    "terraform_version": "1.9.5",
    "planned_values": {
        "root_module": {
            "resources": [
                {
                    "address": "azurerm_resource_group.example",
                    "mode": "managed",
                    "type": "azurerm_resource_group",
                    "name": "example",
                    "provider_name": "registry.terraform.io/hashicorp/azurerm",
                    "schema_version": 0,
                    "values": {
                        "location": "westus",
                        "managed_by": null,
                        "name": "my-terraform-rg",
                        "tags": null,
                        "timeouts": null
                    },
                    "sensitive_values": {}
                },
                {
                    "address": "azurerm_storage_account.example",
                    "mode": "managed",
                    "type": "azurerm_storage_account",
                    "name": "example",
                    "provider_name": "registry.terraform.io/hashicorp/azurerm",
                    "schema_version": 4,
                    "values": {
                        "account_kind": "StorageV2",
                        "account_replication_type": "GRS",
                        "account_tier": "Standard",
                        "allow_nested_items_to_be_public": true,
                        "allowed_copy_scope": null,
                        "azure_files_authentication": [],
                        "cross_tenant_replication_enabled": false,
                        "custom_domain": [],
                        "customer_managed_key": [],
                        "default_to_oauth_authentication": false,
                        "dns_endpoint_type": "Standard",
                        "edge_zone": null,
                        "https_traffic_only_enabled": true,
                        "identity": [],
                        "immutability_policy": [],
                        "infrastructure_encryption_enabled": false,
                        "is_hns_enabled": false,
                        "local_user_enabled": true,
                        "location": "westus",
                        "min_tls_version": "TLS1_2",
                        "name": "mystorageaccount232",
                        "nfsv3_enabled": false,
                        "public_network_access_enabled": true,
                        "queue_encryption_key_type": "Service",
                        "resource_group_name": "my-terraform-rg",
                        "sas_policy": [],
                        "sftp_enabled": false,
                        "shared_access_key_enabled": true,
                        "static_website": [],
                        "table_encryption_key_type": "Service",
                        "tags": {
                            "environment": "staging"
                        },
                        "timeouts": null
                    },
                    "sensitive_values": {
                        "azure_files_authentication": [],
                        "blob_properties": [],
                        "custom_domain": [],
                        "customer_managed_key": [],
                        "identity": [],
                        "immutability_policy": [],
                        "network_rules": [],
                        "primary_access_key": true,
                        "primary_blob_connection_string": true,
                        "primary_connection_string": true,
                        "queue_properties": [],
                        "routing": [],
                        "sas_policy": [],
                        "secondary_access_key": true,
                        "secondary_blob_connection_string": true,
                        "secondary_connection_string": true,
                        "share_properties": [],
                        "static_website": [],
                        "tags": {}
                    }
                }
            ]
        }
    },
    "resource_changes": [
        {
            "address": "azurerm_resource_group.example",
            "mode": "managed",
            "type": "azurerm_resource_group",
            "name": "example",
            "provider_name": "registry.terraform.io/hashicorp/azurerm",
            "change": {
                "actions": [
                    "create"
                ],
                "before": null,
                "after": {
                    "location": "westus",
                    "managed_by": null,
                    "name": "my-terraform-rg",
                    "tags": null,
                    "timeouts": null
                },
                "after_unknown": {
                    "id": true
                },
                "before_sensitive": false,
                "after_sensitive": {}
            }
        },
        {
            "address": "azurerm_storage_account.example",
            "mode": "managed",
            "type": "azurerm_storage_account",
            "name": "example",
            "provider_name": "registry.terraform.io/hashicorp/azurerm",
            "change": {
                "actions": [
                    "create"
                ],
                "before": null,
                "after": {
                    "account_kind": "StorageV2",
                    "account_replication_type": "GRS",
                    "account_tier": "Standard",
                    "allow_nested_items_to_be_public": true,
                    "allowed_copy_scope": null,
                    "azure_files_authentication": [],
                    "cross_tenant_replication_enabled": false,
                    "custom_domain": [],
                    "customer_managed_key": [],
                    "default_to_oauth_authentication": false,
                    "dns_endpoint_type": "Standard",
                    "edge_zone": null,
                    "https_traffic_only_enabled": true,
                    "identity": [],
                    "immutability_policy": [],
                    "infrastructure_encryption_enabled": false,
                    "is_hns_enabled": false,
                    "local_user_enabled": true,
                    "location": "westus",
                    "min_tls_version": "TLS1_2",
                    "name": "mystorageaccount232",
                    "nfsv3_enabled": false,
                    "public_network_access_enabled": true,
                    "queue_encryption_key_type": "Service",
                    "resource_group_name": "my-terraform-rg",
                    "sas_policy": [],
                    "sftp_enabled": false,
                    "shared_access_key_enabled": true,
                    "static_website": [],
                    "table_encryption_key_type": "Service",
                    "tags": {
                        "environment": "staging"
                    },
                    "timeouts": null
                },
                "after_unknown": {
                    "access_tier": true,
                    "azure_files_authentication": [],
                    "blob_properties": true,
                    "custom_domain": [],
                    "customer_managed_key": [],
                    "id": true,
                    "identity": [],
                    "immutability_policy": [],
                    "large_file_share_enabled": true,
                    "network_rules": true,
                    "primary_access_key": true,
                    "primary_blob_connection_string": true,
                    "primary_blob_endpoint": true,
                    "primary_blob_host": true,
                    "primary_blob_internet_endpoint": true,
                    "primary_blob_internet_host": true,
                    "primary_blob_microsoft_endpoint": true,
                    "primary_blob_microsoft_host": true,
                    "primary_connection_string": true,
                    "primary_dfs_endpoint": true,
                    "primary_dfs_host": true,
                    "primary_dfs_internet_endpoint": true,
                    "primary_dfs_internet_host": true,
                    "primary_dfs_microsoft_endpoint": true,
                    "primary_dfs_microsoft_host": true,
                    "primary_file_endpoint": true,
                    "primary_file_host": true,
                    "primary_file_internet_endpoint": true,
                    "primary_file_internet_host": true,
                    "primary_file_microsoft_endpoint": true,
                    "primary_file_microsoft_host": true,
                    "primary_location": true,
                    "primary_queue_endpoint": true,
                    "primary_queue_host": true,
                    "primary_queue_microsoft_endpoint": true,
                    "primary_queue_microsoft_host": true,
                    "primary_table_endpoint": true,
                    "primary_table_host": true,
                    "primary_table_microsoft_endpoint": true,
                    "primary_table_microsoft_host": true,
                    "primary_web_endpoint": true,
                    "primary_web_host": true,
                    "primary_web_internet_endpoint": true,
                    "primary_web_internet_host": true,
                    "primary_web_microsoft_endpoint": true,
                    "primary_web_microsoft_host": true,
                    "queue_properties": true,
                    "routing": true,
                    "sas_policy": [],
                    "secondary_access_key": true,
                    "secondary_blob_connection_string": true,
                    "secondary_blob_endpoint": true,
                    "secondary_blob_host": true,
                    "secondary_blob_internet_endpoint": true,
                    "secondary_blob_internet_host": true,
                    "secondary_blob_microsoft_endpoint": true,
                    "secondary_blob_microsoft_host": true,
                    "secondary_connection_string": true,
                    "secondary_dfs_endpoint": true,
                    "secondary_dfs_host": true,
                    "secondary_dfs_internet_endpoint": true,
                    "secondary_dfs_internet_host": true,
                    "secondary_dfs_microsoft_endpoint": true,
                    "secondary_dfs_microsoft_host": true,
                    "secondary_file_endpoint": true,
                    "secondary_file_host": true,
                    "secondary_file_internet_endpoint": true,
                    "secondary_file_internet_host": true,
                    "secondary_file_microsoft_endpoint": true,
                    "secondary_file_microsoft_host": true,
                    "secondary_location": true,
                    "secondary_queue_endpoint": true,
                    "secondary_queue_host": true,
                    "secondary_queue_microsoft_endpoint": true,
                    "secondary_queue_microsoft_host": true,
                    "secondary_table_endpoint": true,
                    "secondary_table_host": true,
                    "secondary_table_microsoft_endpoint": true,
                    "secondary_table_microsoft_host": true,
                    "secondary_web_endpoint": true,
                    "secondary_web_host": true,
                    "secondary_web_internet_endpoint": true,
                    "secondary_web_internet_host": true,
                    "secondary_web_microsoft_endpoint": true,
                    "secondary_web_microsoft_host": true,
                    "share_properties": true,
                    "static_website": [],
                    "tags": {}
                },
                "before_sensitive": false,
                "after_sensitive": {
                    "azure_files_authentication": [],
                    "blob_properties": [],
                    "custom_domain": [],
                    "customer_managed_key": [],
                    "identity": [],
                    "immutability_policy": [],
                    "network_rules": [],
                    "primary_access_key": true,
                    "primary_blob_connection_string": true,
                    "primary_connection_string": true,
                    "queue_properties": [],
                    "routing": [],
                    "sas_policy": [],
                    "secondary_access_key": true,
                    "secondary_blob_connection_string": true,
                    "secondary_connection_string": true,
                    "share_properties": [],
                    "static_website": [],
                    "tags": {}
                }
            }
        }
    ],
    "configuration": {
        "provider_config": {
            "azurerm": {
                "name": "azurerm",
                "full_name": "registry.terraform.io/hashicorp/azurerm",
                "version_constraint": "4.1.0",
                "expressions": {
                    "features": [
                        {
                            "subscription": [
                                {
                                    "prevent_cancellation_on_destroy": {
                                        "constant_value": false
                                    }
                                }
                            ]
                        }
                    ],
                    "subscription_id": {
                        "constant_value": "bfb6a9d9-68c7-4b38-ab4e-0b8066f72a58"
                    }
                }
            }
        },
        "root_module": {
            "resources": [
                {
                    "address": "azurerm_resource_group.example",
                    "mode": "managed",
                    "type": "azurerm_resource_group",
                    "name": "example",
                    "provider_config_key": "azurerm",
                    "expressions": {
                        "location": {
                            "constant_value": "West US"
                        },
                        "name": {
                            "constant_value": "my-terraform-rg"
                        }
                    },
                    "schema_version": 0
                },
                {
                    "address": "azurerm_storage_account.example",
                    "mode": "managed",
                    "type": "azurerm_storage_account",
                    "name": "example",
                    "provider_config_key": "azurerm",
                    "expressions": {
                        "account_replication_type": {
                            "constant_value": "GRS"
                        },
                        "account_tier": {
                            "constant_value": "Standard"
                        },
                        "location": {
                            "references": [
                                "azurerm_resource_group.example.location",
                                "azurerm_resource_group.example"
                            ]
                        },
                        "name": {
                            "constant_value": "mystorageaccount232"
                        },
                        "resource_group_name": {
                            "references": [
                                "azurerm_resource_group.example.name",
                                "azurerm_resource_group.example"
                            ]
                        },
                        "tags": {
                            "constant_value": {
                                "environment": "staging"
                            }
                        }
                    },
                    "schema_version": 4
                }
            ]
        }
    },
    "relevant_attributes": [
        {
            "resource": "azurerm_resource_group.example",
            "attribute": [
                "name"
            ]
        },
        {
            "resource": "azurerm_resource_group.example",
            "attribute": [
                "location"
            ]
        }
    ],
    "timestamp": "2024-09-12T01:26:20Z",
    "applyable": true,
    "complete": true,
    "errored": false
}
